
Microsoft Visual Studio Solution File, Format Version 12.00
# Visual Studio Version 17
VisualStudioVersion = 17.0.31912.275
MinimumVisualStudioVersion = 10.0.40219.1
Project("{FAE04EC0-301F-11D3-BF4B-00C04F79EFBC}") = "PrintJobsExample", "PrintJobsExample.csproj", "{3D544BA3-CEBC-4F34-86D7-E555AE29D83D}"
EndProject
Global
	GlobalSection(SolutionConfigurationPlatforms) = preSolution
		Debug|Any CPU = Debug|Any CPU
		Release|Any CPU = Release|Any CPU
	EndGlobalSection
	GlobalSection(ProjectConfigurationPlatforms) = postSolution
		{3D544BA3-CEBC-4F34-86D7-E555AE29D83D}.Debug|Any CPU.ActiveCfg = Debug|Any CPU
		{3D544BA3-CEBC-4F34-86D7-E555AE29D83D}.Debug|Any CPU.Build.0 = Debug|Any CPU
		{3D544BA3-CEBC-4F34-86D7-E555AE29D83D}.Release|Any CPU.ActiveCfg = Release|Any CPU
		{3D544BA3-CEBC-4F34-86D7-E555AE29D83D}.Release|Any CPU.Build.0 = Release|Any CPU
	EndGlobalSection
	GlobalSection(SolutionProperties) = preSolution
		HideSolutionNode = FALSE
	EndGlobalSection
	GlobalSection(ExtensibilityGlobals) = postSolution
		SolutionGuid = {FA53343C-E0CB-47E0-836C-03E1AF538D9B}
	EndGlobalSection
EndGlobal
